
Microsoft Visual Studio Solution File, Format Version 12.00
# Visual Studio 15
VisualStudioVersion = 15.0.27428.2043
MinimumVisualStudioVersion = 10.0.40219.1
Project("{FAE04EC0-301F-11D3-BF4B-00C04F79EFBC}") = "IntroWinForms", "IntroWinForms\IntroWinForms.csproj", "{1B7B8912-C134-4526-A26F-4AF4A72C848D}"
EndProject
Global
	GlobalSection(SolutionConfigurationPlatforms) = preSolution
		Debug|Any CPU = Debug|Any CPU
		Release|Any CPU = Release|Any CPU
	EndGlobalSection
	GlobalSection(ProjectConfigurationPlatforms) = postSolution
		{1B7B8912-C134-4526-A26F-4AF4A72C848D}.Debug|Any CPU.ActiveCfg = Debug|Any CPU
		{1B7B8912-C134-4526-A26F-4AF4A72C848D}.Debug|Any CPU.Build.0 = Debug|Any CPU
		{1B7B8912-C134-4526-A26F-4AF4A72C848D}.Release|Any CPU.ActiveCfg = Release|Any CPU
		{1B7B8912-C134-4526-A26F-4AF4A72C848D}.Release|Any CPU.Build.0 = Release|Any CPU
	EndGlobalSection
	GlobalSection(SolutionProperties) = preSolution
		HideSolutionNode = FALSE
	EndGlobalSection
	GlobalSection(ExtensibilityGlobals) = postSolution
		SolutionGuid = {2648B174-84FB-4D8D-893C-BB690F0AA59D}
	EndGlobalSection
EndGlobal
